
Microsoft Visual Studio Solution File, Format Version 12.00
# Visual Studio 15
VisualStudioVersion = 15.0.26730.16
MinimumVisualStudioVersion = 10.0.40219.1
Project("{FAE04EC0-301F-11D3-BF4B-00C04F79EFBC}") = "practica3_modela", "practica3_modela\practica3_modela.csproj", "{BF20640F-CB2B-4985-B513-73DA91358F31}"
EndProject
Global
	GlobalSection(SolutionConfigurationPlatforms) = preSolution
		Debug|Any CPU = Debug|Any CPU
		Release|Any CPU = Release|Any CPU
	EndGlobalSection
	GlobalSection(ProjectConfigurationPlatforms) = postSolution
		{BF20640F-CB2B-4985-B513-73DA91358F31}.Debug|Any CPU.ActiveCfg = Debug|Any CPU
		{BF20640F-CB2B-4985-B513-73DA91358F31}.Debug|Any CPU.Build.0 = Debug|Any CPU
		{BF20640F-CB2B-4985-B513-73DA91358F31}.Release|Any CPU.ActiveCfg = Release|Any CPU
		{BF20640F-CB2B-4985-B513-73DA91358F31}.Release|Any CPU.Build.0 = Release|Any CPU
	EndGlobalSection
	GlobalSection(SolutionProperties) = preSolution
		HideSolutionNode = FALSE
	EndGlobalSection
	GlobalSection(ExtensibilityGlobals) = postSolution
		SolutionGuid = {58B113D5-03B6-401E-B3CB-B573CFCFB6D5}
	EndGlobalSection
EndGlobal
